
Microsoft Visual Studio Solution File, Format Version 12.00
# Visual Studio 15
VisualStudioVersion = 15.0.27130.2024
MinimumVisualStudioVersion = 10.0.40219.1
Project("{FAE04EC0-301F-11D3-BF4B-00C04F79EFBC}") = "excel to sql", "excel to sql\excel to sql.csproj", "{34E01CEB-BEF7-4A77-BC7A-1B2796D668CA}"
EndProject
Global
	GlobalSection(SolutionConfigurationPlatforms) = preSolution
		Debug|Any CPU = Debug|Any CPU
		Release|Any CPU = Release|Any CPU
	EndGlobalSection
	GlobalSection(ProjectConfigurationPlatforms) = postSolution
		{34E01CEB-BEF7-4A77-BC7A-1B2796D668CA}.Debug|Any CPU.ActiveCfg = Debug|Any CPU
		{34E01CEB-BEF7-4A77-BC7A-1B2796D668CA}.Debug|Any CPU.Build.0 = Debug|Any CPU
		{34E01CEB-BEF7-4A77-BC7A-1B2796D668CA}.Release|Any CPU.ActiveCfg = Release|Any CPU
		{34E01CEB-BEF7-4A77-BC7A-1B2796D668CA}.Release|Any CPU.Build.0 = Release|Any CPU
	EndGlobalSection
	GlobalSection(SolutionProperties) = preSolution
		HideSolutionNode = FALSE
	EndGlobalSection
	GlobalSection(ExtensibilityGlobals) = postSolution
		SolutionGuid = {76EDF970-0D2B-46BC-B786-7A79A3CBB1DF}
	EndGlobalSection
EndGlobal
